
Microsoft Visual Studio Solution File, Format Version 12.00
# Visual Studio Version 16
VisualStudioVersion = 16.0.30225.117
MinimumVisualStudioVersion = 10.0.40219.1
Project("{2150E333-8FDC-42A3-9474-1A3956D46DE8}") = "src", "src", "{3CE951E2-2758-495C-9C78-F3884C002B3B}"
EndProject
Project("{2150E333-8FDC-42A3-9474-1A3956D46DE8}") = "Building Blocks", "Building Blocks", "{BA11AD86-1FD6-4BEE-8464-00EE4AA9F741}"
EndProject
Project("{2150E333-8FDC-42A3-9474-1A3956D46DE8}") = "Services", "Services", "{8C745F5A-FFCD-486F-B40C-29081C52FBDC}"
EndProject
Project("{2150E333-8FDC-42A3-9474-1A3956D46DE8}") = "Web", "Web", "{A9D7E018-3C40-43CD-B2C8-14CBDBA870E8}"
EndProject
Project("{2150E333-8FDC-42A3-9474-1A3956D46DE8}") = "Identity", "Identity", "{3AD1D539-6D02-49D8-9001-4DA749FE16C6}"
EndProject
Project("{FAE04EC0-301F-11D3-BF4B-00C04F79EFBC}") = "GoShopping.Identity.API", "src\services\GoShopping.Identity.API\GoShopping.Identity.API.csproj", "{8DAF9A67-DD56-41C4-BED0-B2FA09AA0E0A}"
EndProject
Project("{2150E333-8FDC-42A3-9474-1A3956D46DE8}") = "MVC", "MVC", "{9C12B7F8-AF4E-4593-95C8-D247F3785197}"
EndProject
Project("{FAE04EC0-301F-11D3-BF4B-00C04F79EFBC}") = "GoShopping.WebApp.MVC", "src\web\GoShopping.WebApp.MVC\GoShopping.WebApp.MVC.csproj", "{7A27560B-85BE-4F97-9B08-FE3C4490332A}"
EndProject
Project("{2150E333-8FDC-42A3-9474-1A3956D46DE8}") = "Core", "Core", "{AF4E2729-FF76-4241-BFDA-A78731F8BBBE}"
EndProject
Project("{FAE04EC0-301F-11D3-BF4B-00C04F79EFBC}") = "GoShopping.Core", "src\building blocks\GoShopping.Core\GoShopping.Core.csproj", "{E9D69D3D-9318-4973-8A66-6E24E75B3A7E}"
EndProject
Project("{2150E333-8FDC-42A3-9474-1A3956D46DE8}") = "Basket", "Basket", "{01695BF0-C8E2-4B45-832A-2243D0DDC062}"
EndProject
Project("{2150E333-8FDC-42A3-9474-1A3956D46DE8}") = "Catalog", "Catalog", "{45FB867C-B4B2-4AC2-8486-58C8ED4A301A}"
EndProject
Project("{2150E333-8FDC-42A3-9474-1A3956D46DE8}") = "Client", "Client", "{6E461411-B5C3-4C0E-B919-4CE6BADE1586}"
EndProject
Project("{2150E333-8FDC-42A3-9474-1A3956D46DE8}") = "Payment", "Payment", "{0E51993D-BE86-49DF-AB09-B7EE344890B4}"
EndProject
Project("{2150E333-8FDC-42A3-9474-1A3956D46DE8}") = "Order", "Order", "{7EA570C8-BF9A-4852-BC30-B97206345A41}"
EndProject
Project("{FAE04EC0-301F-11D3-BF4B-00C04F79EFBC}") = "GoShopping.Basket.API", "src\services\GoShopping.ShoppingBag.API\GoShopping.Basket.API\GoShopping.Basket.API.csproj", "{7C3437E2-9EED-4894-AE2F-2B28DE6EC99F}"
EndProject
Project("{FAE04EC0-301F-11D3-BF4B-00C04F79EFBC}") = "GoShopping.Catalog.API", "src\services\GoShopping.Catalog.API\GoShopping.Catalog.API.csproj", "{28096406-F92D-4D67-BC7A-A13E61CFEE83}"
EndProject
Project("{FAE04EC0-301F-11D3-BF4B-00C04F79EFBC}") = "GoShopping.Client.API", "src\services\GoShopping.Client.API\GoShopping.Client.API.csproj", "{D9A86D1B-61E1-4F5B-801C-1B8FE0617FDC}"
EndProject
Project("{FAE04EC0-301F-11D3-BF4B-00C04F79EFBC}") = "GoShopping.Order.API", "src\services\GoShopping.Order.API\GoShopping.Order.API.csproj", "{7BC272B0-4024-4531-8684-C6D8DCFE0203}"
EndProject
Project("{FAE04EC0-301F-11D3-BF4B-00C04F79EFBC}") = "GoShopping.Payment.API", "src\services\GoShopping.Payment.API\GoShopping.Payment.API.csproj", "{32D4F9A9-05A5-46E7-BDF1-671745AECC90}"
EndProject
Global
	GlobalSection(SolutionConfigurationPlatforms) = preSolution
		Debug|Any CPU = Debug|Any CPU
		Release|Any CPU = Release|Any CPU
	EndGlobalSection
	GlobalSection(ProjectConfigurationPlatforms) = postSolution
		{8DAF9A67-DD56-41C4-BED0-B2FA09AA0E0A}.Debug|Any CPU.ActiveCfg = Debug|Any CPU
		{8DAF9A67-DD56-41C4-BED0-B2FA09AA0E0A}.Debug|Any CPU.Build.0 = Debug|Any CPU
		{8DAF9A67-DD56-41C4-BED0-B2FA09AA0E0A}.Release|Any CPU.ActiveCfg = Release|Any CPU
		{8DAF9A67-DD56-41C4-BED0-B2FA09AA0E0A}.Release|Any CPU.Build.0 = Release|Any CPU
		{7A27560B-85BE-4F97-9B08-FE3C4490332A}.Debug|Any CPU.ActiveCfg = Debug|Any CPU
		{7A27560B-85BE-4F97-9B08-FE3C4490332A}.Debug|Any CPU.Build.0 = Debug|Any CPU
		{7A27560B-85BE-4F97-9B08-FE3C4490332A}.Release|Any CPU.ActiveCfg = Release|Any CPU
		{7A27560B-85BE-4F97-9B08-FE3C4490332A}.Release|Any CPU.Build.0 = Release|Any CPU
		{E9D69D3D-9318-4973-8A66-6E24E75B3A7E}.Debug|Any CPU.ActiveCfg = Debug|Any CPU
		{E9D69D3D-9318-4973-8A66-6E24E75B3A7E}.Debug|Any CPU.Build.0 = Debug|Any CPU
		{E9D69D3D-9318-4973-8A66-6E24E75B3A7E}.Release|Any CPU.ActiveCfg = Release|Any CPU
		{E9D69D3D-9318-4973-8A66-6E24E75B3A7E}.Release|Any CPU.Build.0 = Release|Any CPU
		{7C3437E2-9EED-4894-AE2F-2B28DE6EC99F}.Debug|Any CPU.ActiveCfg = Debug|Any CPU
		{7C3437E2-9EED-4894-AE2F-2B28DE6EC99F}.Debug|Any CPU.Build.0 = Debug|Any CPU
		{7C3437E2-9EED-4894-AE2F-2B28DE6EC99F}.Release|Any CPU.ActiveCfg = Release|Any CPU
		{7C3437E2-9EED-4894-AE2F-2B28DE6EC99F}.Release|Any CPU.Build.0 = Release|Any CPU
		{28096406-F92D-4D67-BC7A-A13E61CFEE83}.Debug|Any CPU.ActiveCfg = Debug|Any CPU
		{28096406-F92D-4D67-BC7A-A13E61CFEE83}.Debug|Any CPU.Build.0 = Debug|Any CPU
		{28096406-F92D-4D67-BC7A-A13E61CFEE83}.Release|Any CPU.ActiveCfg = Release|Any CPU
		{28096406-F92D-4D67-BC7A-A13E61CFEE83}.Release|Any CPU.Build.0 = Release|Any CPU
		{D9A86D1B-61E1-4F5B-801C-1B8FE0617FDC}.Debug|Any CPU.ActiveCfg = Debug|Any CPU
		{D9A86D1B-61E1-4F5B-801C-1B8FE0617FDC}.Debug|Any CPU.Build.0 = Debug|Any CPU
		{D9A86D1B-61E1-4F5B-801C-1B8FE0617FDC}.Release|Any CPU.ActiveCfg = Release|Any CPU
		{D9A86D1B-61E1-4F5B-801C-1B8FE0617FDC}.Release|Any CPU.Build.0 = Release|Any CPU
		{7BC272B0-4024-4531-8684-C6D8DCFE0203}.Debug|Any CPU.ActiveCfg = Debug|Any CPU
		{7BC272B0-4024-4531-8684-C6D8DCFE0203}.Debug|Any CPU.Build.0 = Debug|Any CPU
		{7BC272B0-4024-4531-8684-C6D8DCFE0203}.Release|Any CPU.ActiveCfg = Release|Any CPU
		{7BC272B0-4024-4531-8684-C6D8DCFE0203}.Release|Any CPU.Build.0 = Release|Any CPU
		{32D4F9A9-05A5-46E7-BDF1-671745AECC90}.Debug|Any CPU.ActiveCfg = Debug|Any CPU
		{32D4F9A9-05A5-46E7-BDF1-671745AECC90}.Debug|Any CPU.Build.0 = Debug|Any CPU
		{32D4F9A9-05A5-46E7-BDF1-671745AECC90}.Release|Any CPU.ActiveCfg = Release|Any CPU
		{32D4F9A9-05A5-46E7-BDF1-671745AECC90}.Release|Any CPU.Build.0 = Release|Any CPU
	EndGlobalSection
	GlobalSection(SolutionProperties) = preSolution
		HideSolutionNode = FALSE
	EndGlobalSection
	GlobalSection(NestedProjects) = preSolution
		{BA11AD86-1FD6-4BEE-8464-00EE4AA9F741} = {3CE951E2-2758-495C-9C78-F3884C002B3B}
		{8C745F5A-FFCD-486F-B40C-29081C52FBDC} = {3CE951E2-2758-495C-9C78-F3884C002B3B}
		{A9D7E018-3C40-43CD-B2C8-14CBDBA870E8} = {3CE951E2-2758-495C-9C78-F3884C002B3B}
		{3AD1D539-6D02-49D8-9001-4DA749FE16C6} = {8C745F5A-FFCD-486F-B40C-29081C52FBDC}
		{8DAF9A67-DD56-41C4-BED0-B2FA09AA0E0A} = {3AD1D539-6D02-49D8-9001-4DA749FE16C6}
		{9C12B7F8-AF4E-4593-95C8-D247F3785197} = {A9D7E018-3C40-43CD-B2C8-14CBDBA870E8}
		{7A27560B-85BE-4F97-9B08-FE3C4490332A} = {9C12B7F8-AF4E-4593-95C8-D247F3785197}
		{AF4E2729-FF76-4241-BFDA-A78731F8BBBE} = {BA11AD86-1FD6-4BEE-8464-00EE4AA9F741}
		{E9D69D3D-9318-4973-8A66-6E24E75B3A7E} = {AF4E2729-FF76-4241-BFDA-A78731F8BBBE}
		{01695BF0-C8E2-4B45-832A-2243D0DDC062} = {8C745F5A-FFCD-486F-B40C-29081C52FBDC}
		{45FB867C-B4B2-4AC2-8486-58C8ED4A301A} = {8C745F5A-FFCD-486F-B40C-29081C52FBDC}
		{6E461411-B5C3-4C0E-B919-4CE6BADE1586} = {8C745F5A-FFCD-486F-B40C-29081C52FBDC}
		{0E51993D-BE86-49DF-AB09-B7EE344890B4} = {8C745F5A-FFCD-486F-B40C-29081C52FBDC}
		{7EA570C8-BF9A-4852-BC30-B97206345A41} = {8C745F5A-FFCD-486F-B40C-29081C52FBDC}
		{7C3437E2-9EED-4894-AE2F-2B28DE6EC99F} = {01695BF0-C8E2-4B45-832A-2243D0DDC062}
		{28096406-F92D-4D67-BC7A-A13E61CFEE83} = {45FB867C-B4B2-4AC2-8486-58C8ED4A301A}
		{D9A86D1B-61E1-4F5B-801C-1B8FE0617FDC} = {6E461411-B5C3-4C0E-B919-4CE6BADE1586}
		{7BC272B0-4024-4531-8684-C6D8DCFE0203} = {7EA570C8-BF9A-4852-BC30-B97206345A41}
		{32D4F9A9-05A5-46E7-BDF1-671745AECC90} = {0E51993D-BE86-49DF-AB09-B7EE344890B4}
	EndGlobalSection
	GlobalSection(ExtensibilityGlobals) = postSolution
		SolutionGuid = {E5C038A7-EC14-4844-A47D-1BF1CF725434}
	EndGlobalSection
EndGlobal
